<Solution>
  <Project Path="Desafio Extra/Desafio Extra.csproj" />
  <Project Path="Exercício 1/Exercício 1.csproj" />
  <Project Path="Exercício 10/Exercício 10.csproj" />
  <Project Path="Exercício 2/Exercício 2.csproj" />
  <Project Path="Exercício 3/Exercício 3.csproj" />
  <Project Path="Exercício 4/Exercício 4.csproj" />
  <Project Path="Exercício 5/Exercício 5.csproj" />
  <Project Path="Exercício 6/Exercício 6.csproj" />
  <Project Path="Exercício 7/Exercício 7.csproj" />
  <Project Path="Exercício 8/Exercício 8.csproj" />
  <Project Path="Exercício 9/Exercício 9.csproj" />
  <Project Path="Lista 3/Lista 3.csproj" />
</Solution>
