
Microsoft Visual Studio Solution File, Format Version 12.00
# Visual Studio Version 17
VisualStudioVersion = 17.12.35527.113
MinimumVisualStudioVersion = 10.0.40219.1
Project("{FAE04EC0-301F-11D3-BF4B-00C04F79EFBC}") = "Lista 01", "Lista 01\Lista 01.csproj", "{8740FD8B-32F2-45E4-A8FC-A910FE379287}"
EndProject
Project("{FAE04EC0-301F-11D3-BF4B-00C04F79EFBC}") = "2", "2\2.csproj", "{4CCB3189-7618-4899-A812-A46BB4EDFE4C}"
EndProject
Project("{FAE04EC0-301F-11D3-BF4B-00C04F79EFBC}") = "3", "3\3.csproj", "{33FE7354-6273-48C7-A2CC-9205A792972D}"
EndProject
Project("{FAE04EC0-301F-11D3-BF4B-00C04F79EFBC}") = "4", "4\4.csproj", "{B9B9A9F7-A7E9-45C9-9ACD-A56CA8BE7D16}"
EndProject
Project("{FAE04EC0-301F-11D3-BF4B-00C04F79EFBC}") = "5", "5\5.csproj", "{08AEBAD0-EA3C-4BD1-B8C6-13AFA5F36CCE}"
EndProject
Project("{FAE04EC0-301F-11D3-BF4B-00C04F79EFBC}") = "6", "6\6.csproj", "{DCC94612-B2C5-4150-B3B8-5DB5B54FB9E4}"
EndProject
Project("{FAE04EC0-301F-11D3-BF4B-00C04F79EFBC}") = "7", "7\7.csproj", "{C2776F58-1221-4E8E-AF14-AA2D66ED3581}"
EndProject
Project("{FAE04EC0-301F-11D3-BF4B-00C04F79EFBC}") = "8", "8\8.csproj", "{0815E42F-E207-47BE-8BFC-30021E644458}"
EndProject
Project("{FAE04EC0-301F-11D3-BF4B-00C04F79EFBC}") = "9", "9\9.csproj", "{B6C69246-FFFB-4384-A33A-AC6B695DD7E3}"
EndProject
Project("{FAE04EC0-301F-11D3-BF4B-00C04F79EFBC}") = "10", "10\10.csproj", "{A31017FB-83EF-41AE-9CAF-DB900B6A411B}"
EndProject
Project("{FAE04EC0-301F-11D3-BF4B-00C04F79EFBC}") = "11", "11\11.csproj", "{3327BD9B-8A24-486F-AAD2-F8CB9548CC1B}"
EndProject
Project("{FAE04EC0-301F-11D3-BF4B-00C04F79EFBC}") = "12", "12\12.csproj", "{C830746A-9D0B-42D3-AE12-4FCB1ECE7894}"
EndProject
Project("{FAE04EC0-301F-11D3-BF4B-00C04F79EFBC}") = "13", "13\13.csproj", "{1EA588C1-0E3B-4B4E-84EA-CC3E8D7C52ED}"
EndProject
Project("{FAE04EC0-301F-11D3-BF4B-00C04F79EFBC}") = "14", "14\14.csproj", "{09202EC3-BE63-47E4-A0E7-CD5FA9E0B7CB}"
EndProject
Project("{FAE04EC0-301F-11D3-BF4B-00C04F79EFBC}") = "15", "15\15.csproj", "{8674CDEA-5F43-46C1-B4A1-5383BAED0B18}"
EndProject
Project("{FAE04EC0-301F-11D3-BF4B-00C04F79EFBC}") = "16", "16\16.csproj", "{F60A9E92-1705-440A-BA6B-972F26E4FFD4}"
EndProject
Project("{FAE04EC0-301F-11D3-BF4B-00C04F79EFBC}") = "17", "17\17.csproj", "{33B4CE39-C71A-4F6C-8592-E261CD204C98}"
EndProject
Project("{FAE04EC0-301F-11D3-BF4B-00C04F79EFBC}") = "18", "18\18.csproj", "{75234F47-C963-4D05-96FB-1DFF3B505074}"
EndProject
Project("{FAE04EC0-301F-11D3-BF4B-00C04F79EFBC}") = "19", "19\19.csproj", "{F9BB09DD-AE2B-4B72-8276-24B1147BE638}"
EndProject
Project("{FAE04EC0-301F-11D3-BF4B-00C04F79EFBC}") = "20", "20\20.csproj", "{1F64C432-4298-4A1E-867D-48E5573091D7}"
EndProject
Global
	GlobalSection(SolutionConfigurationPlatforms) = preSolution
		Debug|Any CPU = Debug|Any CPU
		Release|Any CPU = Release|Any CPU
	EndGlobalSection
	GlobalSection(ProjectConfigurationPlatforms) = postSolution
		{8740FD8B-32F2-45E4-A8FC-A910FE379287}.Debug|Any CPU.ActiveCfg = Debug|Any CPU
		{8740FD8B-32F2-45E4-A8FC-A910FE379287}.Debug|Any CPU.Build.0 = Debug|Any CPU
		{8740FD8B-32F2-45E4-A8FC-A910FE379287}.Release|Any CPU.ActiveCfg = Release|Any CPU
		{8740FD8B-32F2-45E4-A8FC-A910FE379287}.Release|Any CPU.Build.0 = Release|Any CPU
		{4CCB3189-7618-4899-A812-A46BB4EDFE4C}.Debug|Any CPU.ActiveCfg = Debug|Any CPU
		{4CCB3189-7618-4899-A812-A46BB4EDFE4C}.Debug|Any CPU.Build.0 = Debug|Any CPU
		{4CCB3189-7618-4899-A812-A46BB4EDFE4C}.Release|Any CPU.ActiveCfg = Release|Any CPU
		{4CCB3189-7618-4899-A812-A46BB4EDFE4C}.Release|Any CPU.Build.0 = Release|Any CPU
		{33FE7354-6273-48C7-A2CC-9205A792972D}.Debug|Any CPU.ActiveCfg = Debug|Any CPU
		{33FE7354-6273-48C7-A2CC-9205A792972D}.Debug|Any CPU.Build.0 = Debug|Any CPU
		{33FE7354-6273-48C7-A2CC-9205A792972D}.Release|Any CPU.ActiveCfg = Release|Any CPU
		{33FE7354-6273-48C7-A2CC-9205A792972D}.Release|Any CPU.Build.0 = Release|Any CPU
		{B9B9A9F7-A7E9-45C9-9ACD-A56CA8BE7D16}.Debug|Any CPU.ActiveCfg = Debug|Any CPU
		{B9B9A9F7-A7E9-45C9-9ACD-A56CA8BE7D16}.Debug|Any CPU.Build.0 = Debug|Any CPU
		{B9B9A9F7-A7E9-45C9-9ACD-A56CA8BE7D16}.Release|Any CPU.ActiveCfg = Release|Any CPU
		{B9B9A9F7-A7E9-45C9-9ACD-A56CA8BE7D16}.Release|Any CPU.Build.0 = Release|Any CPU
		{08AEBAD0-EA3C-4BD1-B8C6-13AFA5F36CCE}.Debug|Any CPU.ActiveCfg = Debug|Any CPU
		{08AEBAD0-EA3C-4BD1-B8C6-13AFA5F36CCE}.Debug|Any CPU.Build.0 = Debug|Any CPU
		{08AEBAD0-EA3C-4BD1-B8C6-13AFA5F36CCE}.Release|Any CPU.ActiveCfg = Release|Any CPU
		{08AEBAD0-EA3C-4BD1-B8C6-13AFA5F36CCE}.Release|Any CPU.Build.0 = Release|Any CPU
		{DCC94612-B2C5-4150-B3B8-5DB5B54FB9E4}.Debug|Any CPU.ActiveCfg = Debug|Any CPU
		{DCC94612-B2C5-4150-B3B8-5DB5B54FB9E4}.Debug|Any CPU.Build.0 = Debug|Any CPU
		{DCC94612-B2C5-4150-B3B8-5DB5B54FB9E4}.Release|Any CPU.ActiveCfg = Release|Any CPU
		{DCC94612-B2C5-4150-B3B8-5DB5B54FB9E4}.Release|Any CPU.Build.0 = Release|Any CPU
		{C2776F58-1221-4E8E-AF14-AA2D66ED3581}.Debug|Any CPU.ActiveCfg = Debug|Any CPU
		{C2776F58-1221-4E8E-AF14-AA2D66ED3581}.Debug|Any CPU.Build.0 = Debug|Any CPU
		{C2776F58-1221-4E8E-AF14-AA2D66ED3581}.Release|Any CPU.ActiveCfg = Release|Any CPU
		{C2776F58-1221-4E8E-AF14-AA2D66ED3581}.Release|Any CPU.Build.0 = Release|Any CPU
		{0815E42F-E207-47BE-8BFC-30021E644458}.Debug|Any CPU.ActiveCfg = Debug|Any CPU
		{0815E42F-E207-47BE-8BFC-30021E644458}.Debug|Any CPU.Build.0 = Debug|Any CPU
		{0815E42F-E207-47BE-8BFC-30021E644458}.Release|Any CPU.ActiveCfg = Release|Any CPU
		{0815E42F-E207-47BE-8BFC-30021E644458}.Release|Any CPU.Build.0 = Release|Any CPU
		{B6C69246-FFFB-4384-A33A-AC6B695DD7E3}.Debug|Any CPU.ActiveCfg = Debug|Any CPU
		{B6C69246-FFFB-4384-A33A-AC6B695DD7E3}.Debug|Any CPU.Build.0 = Debug|Any CPU
		{B6C69246-FFFB-4384-A33A-AC6B695DD7E3}.Release|Any CPU.ActiveCfg = Release|Any CPU
		{B6C69246-FFFB-4384-A33A-AC6B695DD7E3}.Release|Any CPU.Build.0 = Release|Any CPU
		{A31017FB-83EF-41AE-9CAF-DB900B6A411B}.Debug|Any CPU.ActiveCfg = Debug|Any CPU
		{A31017FB-83EF-41AE-9CAF-DB900B6A411B}.Debug|Any CPU.Build.0 = Debug|Any CPU
		{A31017FB-83EF-41AE-9CAF-DB900B6A411B}.Release|Any CPU.ActiveCfg = Release|Any CPU
		{A31017FB-83EF-41AE-9CAF-DB900B6A411B}.Release|Any CPU.Build.0 = Release|Any CPU
		{3327BD9B-8A24-486F-AAD2-F8CB9548CC1B}.Debug|Any CPU.ActiveCfg = Debug|Any CPU
		{3327BD9B-8A24-486F-AAD2-F8CB9548CC1B}.Debug|Any CPU.Build.0 = Debug|Any CPU
		{3327BD9B-8A24-486F-AAD2-F8CB9548CC1B}.Release|Any CPU.ActiveCfg = Release|Any CPU
		{3327BD9B-8A24-486F-AAD2-F8CB9548CC1B}.Release|Any CPU.Build.0 = Release|Any CPU
		{C830746A-9D0B-42D3-AE12-4FCB1ECE7894}.Debug|Any CPU.ActiveCfg = Debug|Any CPU
		{C830746A-9D0B-42D3-AE12-4FCB1ECE7894}.Debug|Any CPU.Build.0 = Debug|Any CPU
		{C830746A-9D0B-42D3-AE12-4FCB1ECE7894}.Release|Any CPU.ActiveCfg = Release|Any CPU
		{C830746A-9D0B-42D3-AE12-4FCB1ECE7894}.Release|Any CPU.Build.0 = Release|Any CPU
		{1EA588C1-0E3B-4B4E-84EA-CC3E8D7C52ED}.Debug|Any CPU.ActiveCfg = Debug|Any CPU
		{1EA588C1-0E3B-4B4E-84EA-CC3E8D7C52ED}.Debug|Any CPU.Build.0 = Debug|Any CPU
		{1EA588C1-0E3B-4B4E-84EA-CC3E8D7C52ED}.Release|Any CPU.ActiveCfg = Release|Any CPU
		{1EA588C1-0E3B-4B4E-84EA-CC3E8D7C52ED}.Release|Any CPU.Build.0 = Release|Any CPU
		{09202EC3-BE63-47E4-A0E7-CD5FA9E0B7CB}.Debug|Any CPU.ActiveCfg = Debug|Any CPU
		{09202EC3-BE63-47E4-A0E7-CD5FA9E0B7CB}.Debug|Any CPU.Build.0 = Debug|Any CPU
		{09202EC3-BE63-47E4-A0E7-CD5FA9E0B7CB}.Release|Any CPU.ActiveCfg = Release|Any CPU
		{09202EC3-BE63-47E4-A0E7-CD5FA9E0B7CB}.Release|Any CPU.Build.0 = Release|Any CPU
		{8674CDEA-5F43-46C1-B4A1-5383BAED0B18}.Debug|Any CPU.ActiveCfg = Debug|Any CPU
		{8674CDEA-5F43-46C1-B4A1-5383BAED0B18}.Debug|Any CPU.Build.0 = Debug|Any CPU
		{8674CDEA-5F43-46C1-B4A1-5383BAED0B18}.Release|Any CPU.ActiveCfg = Release|Any CPU
		{8674CDEA-5F43-46C1-B4A1-5383BAED0B18}.Release|Any CPU.Build.0 = Release|Any CPU
		{F60A9E92-1705-440A-BA6B-972F26E4FFD4}.Debug|Any CPU.ActiveCfg = Debug|Any CPU
		{F60A9E92-1705-440A-BA6B-972F26E4FFD4}.Debug|Any CPU.Build.0 = Debug|Any CPU
		{F60A9E92-1705-440A-BA6B-972F26E4FFD4}.Release|Any CPU.ActiveCfg = Release|Any CPU
		{F60A9E92-1705-440A-BA6B-972F26E4FFD4}.Release|Any CPU.Build.0 = Release|Any CPU
		{33B4CE39-C71A-4F6C-8592-E261CD204C98}.Debug|Any CPU.ActiveCfg = Debug|Any CPU
		{33B4CE39-C71A-4F6C-8592-E261CD204C98}.Debug|Any CPU.Build.0 = Debug|Any CPU
		{33B4CE39-C71A-4F6C-8592-E261CD204C98}.Release|Any CPU.ActiveCfg = Release|Any CPU
		{33B4CE39-C71A-4F6C-8592-E261CD204C98}.Release|Any CPU.Build.0 = Release|Any CPU
		{75234F47-C963-4D05-96FB-1DFF3B505074}.Debug|Any CPU.ActiveCfg = Debug|Any CPU
		{75234F47-C963-4D05-96FB-1DFF3B505074}.Debug|Any CPU.Build.0 = Debug|Any CPU
		{75234F47-C963-4D05-96FB-1DFF3B505074}.Release|Any CPU.ActiveCfg = Release|Any CPU
		{75234F47-C963-4D05-96FB-1DFF3B505074}.Release|Any CPU.Build.0 = Release|Any CPU
		{F9BB09DD-AE2B-4B72-8276-24B1147BE638}.Debug|Any CPU.ActiveCfg = Debug|Any CPU
		{F9BB09DD-AE2B-4B72-8276-24B1147BE638}.Debug|Any CPU.Build.0 = Debug|Any CPU
		{F9BB09DD-AE2B-4B72-8276-24B1147BE638}.Release|Any CPU.ActiveCfg = Release|Any CPU
		{F9BB09DD-AE2B-4B72-8276-24B1147BE638}.Release|Any CPU.Build.0 = Release|Any CPU
		{1F64C432-4298-4A1E-867D-48E5573091D7}.Debug|Any CPU.ActiveCfg = Debug|Any CPU
		{1F64C432-4298-4A1E-867D-48E5573091D7}.Debug|Any CPU.Build.0 = Debug|Any CPU
		{1F64C432-4298-4A1E-867D-48E5573091D7}.Release|Any CPU.ActiveCfg = Release|Any CPU
		{1F64C432-4298-4A1E-867D-48E5573091D7}.Release|Any CPU.Build.0 = Release|Any CPU
	EndGlobalSection
	GlobalSection(SolutionProperties) = preSolution
		HideSolutionNode = FALSE
	EndGlobalSection
EndGlobal
